
Microsoft Visual Studio Solution File, Format Version 12.00
# Visual Studio Version 17
VisualStudioVersion = 17.4.33213.308
MinimumVisualStudioVersion = 10.0.40219.1
Project("{FAE04EC0-301F-11D3-BF4B-00C04F79EFBC}") = "Session1_XX", "Session1_XX\Session1_XX.csproj", "{40DBF0C0-3E15-4575-9BB2-E6A461CD621D}"
EndProject
Global
	GlobalSection(SolutionConfigurationPlatforms) = preSolution
		Debug|Any CPU = Debug|Any CPU
		Release|Any CPU = Release|Any CPU
	EndGlobalSection
	GlobalSection(ProjectConfigurationPlatforms) = postSolution
		{40DBF0C0-3E15-4575-9BB2-E6A461CD621D}.Debug|Any CPU.ActiveCfg = Debug|Any CPU
		{40DBF0C0-3E15-4575-9BB2-E6A461CD621D}.Debug|Any CPU.Build.0 = Debug|Any CPU
		{40DBF0C0-3E15-4575-9BB2-E6A461CD621D}.Release|Any CPU.ActiveCfg = Release|Any CPU
		{40DBF0C0-3E15-4575-9BB2-E6A461CD621D}.Release|Any CPU.Build.0 = Release|Any CPU
	EndGlobalSection
	GlobalSection(SolutionProperties) = preSolution
		HideSolutionNode = FALSE
	EndGlobalSection
	GlobalSection(ExtensibilityGlobals) = postSolution
		SolutionGuid = {A342426F-AA67-4258-A8A7-695BF4B1165D}
	EndGlobalSection
EndGlobal
